
Microsoft Visual Studio Solution File, Format Version 12.00

# Visual Studio Version 17
VisualStudioVersion = 17.3.32929.385
MinimumVisualStudioVersion = 10.0.40219.1

Project("{9A19103F-16F7-4668-BE54-9A1E7A4F7556}") = "Boot", "Boot\Boot.csproj", "{8E049C27-0C40-495F-BFE8-EE8AEEEFB4FA}"
EndProject
Project("{9A19103F-16F7-4668-BE54-9A1E7A4F7556}") = "Interface", "Interface\Interface.csproj", "{BA9DCC63-778A-47C8-A966-70B13D84DD7B}"
EndProject
Project("{9A19103F-16F7-4668-BE54-9A1E7A4F7556}") = "Variables", "Variables\Variables.csproj", "{BA9CBC63-778A-47C8-A966-70B13D84DD7B}"
EndProject

Global
	GlobalSection(SolutionConfigurationPlatforms) = preSolution
		Debug|Any CPU = Debug|Any CPU
		Release|Any CPU = Release|Any CPU
	EndGlobalSection
	GlobalSection(ProjectConfigurationPlatforms) = postSolution
		{8E049C27-0C40-495F-BFE8-EE8AEEEFB4FA}.Debug|Any CPU.ActiveCfg = Debug|Any CPU
		{8E049C27-0C40-495F-BFE8-EE8AEEEFB4FA}.Debug|Any CPU.Build.0 = Debug|Any CPU
		{8E049C27-0C40-495F-BFE8-EE8AEEEFB4FA}.Release|Any CPU.ActiveCfg = Release|Any CPU
		{8E049C27-0C40-495F-BFE8-EE8AEEEFB4FA}.Release|Any CPU.Build.0 = Release|Any CPU
	EndGlobalSection
	GlobalSection(SolutionProperties) = preSolution
		HideSolutionNode = FALSE
	EndGlobalSection
	GlobalSection(ExtensibilityGlobals) = postSolution
		SolutionGuid = {BF547E27-8EA9-4C53-B7BC-106D5B642586}
	EndGlobalSection
EndGlobal
